# THIS IS AN AUTOGENERATED FILE. DO NOT EDIT THIS FILE DIRECTLY.
# yarn lockfile v1


"@phathdt/mono-1@*":
  version "0.0.2"
  resolved "https://npm.pkg.github.com/download/@phathdt/mono-1/0.0.2/bef1aecb589fdaf563d96f2ea752aa73d6c3fe73#bef1aecb589fdaf563d96f2ea752aa73d6c3fe73"
  integrity sha512-7c2kC7PB/0g3V92ZVpRi89KAUTNPZ8AA2W5TDV0QnUV9vVY6VlLjDzVH4mqq2UJI37lnfFF384bp+nnjwW4H9A==

"@phathdt/mono-2@0.0.3":
  version "0.0.3"
  resolved "https://npm.pkg.github.com/download/@phathdt/mono-2/0.0.3/0353f48f0d26d0f2c71833c8c9eecb20e222f409#0353f48f0d26d0f2c71833c8c9eecb20e222f409"
  integrity sha512-hqB3yMC+l+ppi1ql5L+btGfs/Cka1IGBsRX7cU+CAISTFXOLWEVBxfL5lEHjfW9LeGXqJ3wFkqJEZvjrT/rALg==
  dependencies:
    "@phathdt/mono-1" "*"

typescript@^5.7.0:
  version "5.9.3"
  resolved "https://registry.yarnpkg.com/typescript/-/typescript-5.9.3.tgz#5b4f59e15310ab17a216f5d6cf53ee476ede670f"
  integrity sha512-jl1vZzPDinLr9eUt3J/t7V6FgNEw9QjvBPdysz9KfQDD41fQrC2Y4vKQdiaUpFT4bXlb1RHhLpp8wtm6M5TgSw==
